{
	"name": "comuse-utils-remark",
	"version": "0.0.23",
	"lockfileVersion": 1,
	"requires": true,
	"dependencies": {
		"@babel/code-frame": {
			"version": "7.12.13",
			"resolved": "http://npm-registry.qunhequnhe.com/@babel/code-frame/download/@babel/code-frame-7.12.13.tgz",
			"integrity": "sha1-3PyCa+72XnXFDiHTg319lXmN1lg=",
			"requires": {
				"@babel/highlight": "^7.12.13"
			}
		},
		"@babel/generator": {
			"version": "7.14.3",
			"resolved": "http://npm-registry.qunhequnhe.com/@babel/generator/download/@babel/generator-7.14.3.tgz",
			"integrity": "sha1-DCZS2R973at8zMa6gVfk9A3O25E=",
			"requires": {
				"@babel/types": "^7.14.2",
				"jsesc": "^2.5.1",
				"source-map": "^0.5.0"
			}
		},
		"@babel/helper-function-name": {
			"version": "7.14.2",
			"resolved": "http://npm-registry.qunhequnhe.com/@babel/helper-function-name/download/@babel/helper-function-name-7.14.2.tgz",
			"integrity": "sha1-OXaItZB2C273cltfCGDIJCfrqsI=",
			"requires": {
				"@babel/helper-get-function-arity": "^7.12.13",
				"@babel/template": "^7.12.13",
				"@babel/types": "^7.14.2"
			}
		},
		"@babel/helper-get-function-arity": {
			"version": "7.12.13",
			"resolved": "http://npm-registry.qunhequnhe.com/@babel/helper-get-function-arity/download/@babel/helper-get-function-arity-7.12.13.tgz",
			"integrity": "sha1-vGNFHUA6OzCCuX4diz/lvUCR5YM=",
			"requires": {
				"@babel/types": "^7.12.13"
			}
		},
		"@babel/helper-split-export-declaration": {
			"version": "7.12.13",
			"resolved": "http://npm-registry.qunhequnhe.com/@babel/helper-split-export-declaration/download/@babel/helper-split-export-declaration-7.12.13.tgz",
			"integrity": "sha1-6UML4AuvPoiw4T5vnU6vITY3KwU=",
			"requires": {
				"@babel/types": "^7.12.13"
			}
		},
		"@babel/helper-validator-identifier": {
			"version": "7.14.0",
			"resolved": "http://npm-registry.qunhequnhe.com/@babel/helper-validator-identifier/download/@babel/helper-validator-identifier-7.14.0.tgz",
			"integrity": "sha1-0mytikfGUoaxXfFUcxml0Lzycog="
		},
		"@babel/highlight": {
			"version": "7.14.0",
			"resolved": "http://npm-registry.qunhequnhe.com/@babel/highlight/download/@babel/highlight-7.14.0.tgz",
			"integrity": "sha1-MZfjdXEe9r+DTmfQ2uyI5PRhE88=",
			"requires": {
				"@babel/helper-validator-identifier": "^7.14.0",
				"chalk": "^2.0.0",
				"js-tokens": "^4.0.0"
			}
		},
		"@babel/parser": {
			"version": "7.14.3",
			"resolved": "http://npm-registry.qunhequnhe.com/@babel/parser/download/@babel/parser-7.14.3.tgz",
			"integrity": "sha1-m1MO7LBx/QyTUZ3yXF/58UdZ8pg="
		},
		"@babel/template": {
			"version": "7.12.13",
			"resolved": "http://npm-registry.qunhequnhe.com/@babel/template/download/@babel/template-7.12.13.tgz",
			"integrity": "sha1-UwJlvooliduzdSOETFvLVZR/syc=",
			"requires": {
				"@babel/code-frame": "^7.12.13",
				"@babel/parser": "^7.12.13",
				"@babel/types": "^7.12.13"
			}
		},
		"@babel/traverse": {
			"version": "7.14.2",
			"resolved": "http://npm-registry.qunhequnhe.com/@babel/traverse/download/@babel/traverse-7.14.2.tgz",
			"integrity": "sha1-kgGo2RJyOoMcJnnH678v4UFtdls=",
			"requires": {
				"@babel/code-frame": "^7.12.13",
				"@babel/generator": "^7.14.2",
				"@babel/helper-function-name": "^7.14.2",
				"@babel/helper-split-export-declaration": "^7.12.13",
				"@babel/parser": "^7.14.2",
				"@babel/types": "^7.14.2",
				"debug": "^4.1.0",
				"globals": "^11.1.0"
			}
		},
		"@babel/types": {
			"version": "7.14.2",
			"resolved": "http://npm-registry.qunhequnhe.com/@babel/types/download/@babel/types-7.14.2.tgz",
			"integrity": "sha1-QgiuADEH74oFfqgzPlbrZNL2osM=",
			"requires": {
				"@babel/helper-validator-identifier": "^7.14.0",
				"to-fast-properties": "^2.0.0"
			}
		},
		"@nodelib/fs.scandir": {
			"version": "2.1.4",
			"resolved": "http://npm-registry.qunhequnhe.com/@nodelib/fs.scandir/download/@nodelib/fs.scandir-2.1.4.tgz",
			"integrity": "sha1-1LNUml213iaD4MEHGrTxQJBLv2k=",
			"requires": {
				"@nodelib/fs.stat": "2.0.4",
				"run-parallel": "^1.1.9"
			}
		},
		"@nodelib/fs.stat": {
			"version": "2.0.4",
			"resolved": "http://npm-registry.qunhequnhe.com/@nodelib/fs.stat/download/@nodelib/fs.stat-2.0.4.tgz",
			"integrity": "sha1-o/LdYbq0O424+hCKEhz//kxnZlU="
		},
		"@nodelib/fs.walk": {
			"version": "1.2.6",
			"resolved": "http://npm-registry.qunhequnhe.com/@nodelib/fs.walk/download/@nodelib/fs.walk-1.2.6.tgz",
			"integrity": "sha1-zOk5azCqWv6eN1Zgj1gxrctT0GM=",
			"requires": {
				"@nodelib/fs.scandir": "2.1.4",
				"fastq": "^1.6.0"
			}
		},
		"ansi-regex": {
			"version": "4.1.0",
			"resolved": "http://npm-registry.qunhequnhe.com/ansi-regex/download/ansi-regex-4.1.0.tgz",
			"integrity": "sha1-i5+PCM8ay4Q3Vqg5yox+MWjFGZc="
		},
		"ansi-styles": {
			"version": "3.2.1",
			"resolved": "http://npm-registry.qunhequnhe.com/ansi-styles/download/ansi-styles-3.2.1.tgz",
			"integrity": "sha1-QfuyAkPlCxK+DwS43tvwdSDOhB0=",
			"requires": {
				"color-convert": "^1.9.0"
			}
		},
		"argparse": {
			"version": "1.0.10",
			"resolved": "http://npm-registry.qunhequnhe.com/argparse/download/argparse-1.0.10.tgz",
			"integrity": "sha1-vNZ5HqWuCXJeF+WtmIE0zUCz2RE=",
			"requires": {
				"sprintf-js": "~1.0.2"
			}
		},
		"array-iterate": {
			"version": "1.1.4",
			"resolved": "http://npm-registry.qunhequnhe.com/array-iterate/download/array-iterate-1.1.4.tgz",
			"integrity": "sha1-rdFSLp3ZdJu0EVLQi4Rb0I1q+Lc="
		},
		"braces": {
			"version": "3.0.2",
			"resolved": "http://npm-registry.qunhequnhe.com/braces/download/braces-3.0.2.tgz",
			"integrity": "sha1-NFThpGLujVmeI23zNs2epPiv4Qc=",
			"requires": {
				"fill-range": "^7.0.1"
			}
		},
		"camelcase": {
			"version": "5.3.1",
			"resolved": "http://npm-registry.qunhequnhe.com/camelcase/download/camelcase-5.3.1.tgz",
			"integrity": "sha1-48mzFWnhBoEd8kL3FXJaH0xJQyA="
		},
		"chalk": {
			"version": "2.4.2",
			"resolved": "http://npm-registry.qunhequnhe.com/chalk/download/chalk-2.4.2.tgz",
			"integrity": "sha1-zUJUFnelQzPPVBpJEIwUMrRMlCQ=",
			"requires": {
				"ansi-styles": "^3.2.1",
				"escape-string-regexp": "^1.0.5",
				"supports-color": "^5.3.0"
			}
		},
		"cliui": {
			"version": "5.0.0",
			"resolved": "http://npm-registry.qunhequnhe.com/cliui/download/cliui-5.0.0.tgz",
			"integrity": "sha1-3u/P2y6AB4SqNPRvoI4GhRx7u8U=",
			"requires": {
				"string-width": "^3.1.0",
				"strip-ansi": "^5.2.0",
				"wrap-ansi": "^5.1.0"
			}
		},
		"color-convert": {
			"version": "1.9.3",
			"resolved": "http://npm-registry.qunhequnhe.com/color-convert/download/color-convert-1.9.3.tgz",
			"integrity": "sha1-u3GFBpDh8TZWfeYp0tVHHe2kweg=",
			"requires": {
				"color-name": "1.1.3"
			}
		},
		"color-name": {
			"version": "1.1.3",
			"resolved": "http://npm-registry.qunhequnhe.com/color-name/download/color-name-1.1.3.tgz",
			"integrity": "sha1-p9BVi9icQveV3UIyj3QIMcpTvCU="
		},
		"debug": {
			"version": "4.3.1",
			"resolved": "http://npm-registry.qunhequnhe.com/debug/download/debug-4.3.1.tgz",
			"integrity": "sha1-8NIpxQXgxtjEmsVT0bE9wYP2su4=",
			"requires": {
				"ms": "2.1.2"
			}
		},
		"decamelize": {
			"version": "1.2.0",
			"resolved": "http://npm-registry.qunhequnhe.com/decamelize/download/decamelize-1.2.0.tgz",
			"integrity": "sha1-9lNNFRSCabIDUue+4m9QH5oZEpA="
		},
		"emoji-regex": {
			"version": "7.0.3",
			"resolved": "http://npm-registry.qunhequnhe.com/emoji-regex/download/emoji-regex-7.0.3.tgz",
			"integrity": "sha1-kzoEBShgyF6DwSJHnEdIqOTHIVY="
		},
		"escape-string-regexp": {
			"version": "1.0.5",
			"resolved": "http://npm-registry.qunhequnhe.com/escape-string-regexp/download/escape-string-regexp-1.0.5.tgz",
			"integrity": "sha1-G2HAViGQqN/2rjuyzwIAyhMLhtQ="
		},
		"esprima": {
			"version": "4.0.1",
			"resolved": "http://npm-registry.qunhequnhe.com/esprima/download/esprima-4.0.1.tgz",
			"integrity": "sha1-E7BM2z5sXRnfkatph6hpVhmwqnE="
		},
		"fast-glob": {
			"version": "3.2.5",
			"resolved": "http://npm-registry.qunhequnhe.com/fast-glob/download/fast-glob-3.2.5.tgz",
			"integrity": "sha1-eTmvKmVt55pPGQGQPuityqfLlmE=",
			"requires": {
				"@nodelib/fs.stat": "^2.0.2",
				"@nodelib/fs.walk": "^1.2.3",
				"glob-parent": "^5.1.0",
				"merge2": "^1.3.0",
				"micromatch": "^4.0.2",
				"picomatch": "^2.2.1"
			}
		},
		"fastq": {
			"version": "1.11.0",
			"resolved": "http://npm-registry.qunhequnhe.com/fastq/download/fastq-1.11.0.tgz",
			"integrity": "sha1-u5+5VaBxMKkY62PB9RYcwypdCFg=",
			"requires": {
				"reusify": "^1.0.4"
			}
		},
		"fill-range": {
			"version": "7.0.1",
			"resolved": "http://npm-registry.qunhequnhe.com/fill-range/download/fill-range-7.0.1.tgz",
			"integrity": "sha1-GRmmp8df44ssfHflGYU12prN2kA=",
			"requires": {
				"to-regex-range": "^5.0.1"
			}
		},
		"find-up": {
			"version": "3.0.0",
			"resolved": "http://npm-registry.qunhequnhe.com/find-up/download/find-up-3.0.0.tgz",
			"integrity": "sha1-SRafHXmTQwZG2mHsxa41XCHJe3M=",
			"requires": {
				"locate-path": "^3.0.0"
			}
		},
		"fs-extra": {
			"version": "8.1.0",
			"resolved": "http://npm-registry.qunhequnhe.com/fs-extra/download/fs-extra-8.1.0.tgz",
			"integrity": "sha1-SdQ8RaiM2Wd2aMt74bRu/bjS4cA=",
			"requires": {
				"graceful-fs": "^4.2.0",
				"jsonfile": "^4.0.0",
				"universalify": "^0.1.0"
			}
		},
		"get-caller-file": {
			"version": "2.0.5",
			"resolved": "http://npm-registry.qunhequnhe.com/get-caller-file/download/get-caller-file-2.0.5.tgz",
			"integrity": "sha1-T5RBKoLbMvNuOwuXQfipf+sDH34="
		},
		"glob-parent": {
			"version": "5.1.2",
			"resolved": "http://npm-registry.qunhequnhe.com/glob-parent/download/glob-parent-5.1.2.tgz",
			"integrity": "sha1-hpgyxYA0/mikCTwX3BXoNA2EAcQ=",
			"requires": {
				"is-glob": "^4.0.1"
			}
		},
		"globals": {
			"version": "11.12.0",
			"resolved": "http://npm-registry.qunhequnhe.com/globals/download/globals-11.12.0.tgz",
			"integrity": "sha1-q4eVM4hooLq9hSV1gBjCp+uVxC4="
		},
		"graceful-fs": {
			"version": "4.2.6",
			"resolved": "http://npm-registry.qunhequnhe.com/graceful-fs/download/graceful-fs-4.2.6.tgz",
			"integrity": "sha1-/wQLKwhTsjw9MQJ1I3BvGIXXa+4="
		},
		"has-flag": {
			"version": "3.0.0",
			"resolved": "http://npm-registry.qunhequnhe.com/has-flag/download/has-flag-3.0.0.tgz",
			"integrity": "sha1-tdRU3CGZriJWmfNGfloH87lVuv0="
		},
		"is-extglob": {
			"version": "2.1.1",
			"resolved": "http://npm-registry.qunhequnhe.com/is-extglob/download/is-extglob-2.1.1.tgz",
			"integrity": "sha1-qIwCU1eR8C7TfHahueqXc8gz+MI="
		},
		"is-fullwidth-code-point": {
			"version": "2.0.0",
			"resolved": "http://npm-registry.qunhequnhe.com/is-fullwidth-code-point/download/is-fullwidth-code-point-2.0.0.tgz",
			"integrity": "sha1-o7MKXE8ZkYMWeqq5O+764937ZU8="
		},
		"is-glob": {
			"version": "4.0.1",
			"resolved": "http://npm-registry.qunhequnhe.com/is-glob/download/is-glob-4.0.1.tgz",
			"integrity": "sha1-dWfb6fL14kZ7x3q4PEopSCQHpdw=",
			"requires": {
				"is-extglob": "^2.1.1"
			}
		},
		"is-number": {
			"version": "7.0.0",
			"resolved": "http://npm-registry.qunhequnhe.com/is-number/download/is-number-7.0.0.tgz",
			"integrity": "sha1-dTU0W4lnNNX4DE0GxQlVUnoU8Ss="
		},
		"js-tokens": {
			"version": "4.0.0",
			"resolved": "http://npm-registry.qunhequnhe.com/js-tokens/download/js-tokens-4.0.0.tgz",
			"integrity": "sha1-GSA/tZmR35jjoocFDUZHzerzJJk="
		},
		"js-yaml": {
			"version": "3.14.1",
			"resolved": "http://npm-registry.qunhequnhe.com/js-yaml/download/js-yaml-3.14.1.tgz",
			"integrity": "sha1-2ugS/bOCX6MGYJqHFzg8UMNqBTc=",
			"requires": {
				"argparse": "^1.0.7",
				"esprima": "^4.0.0"
			}
		},
		"jsesc": {
			"version": "2.5.2",
			"resolved": "http://npm-registry.qunhequnhe.com/jsesc/download/jsesc-2.5.2.tgz",
			"integrity": "sha1-gFZNLkg9rPbo7yCWUKZ98/DCg6Q="
		},
		"jsonfile": {
			"version": "4.0.0",
			"resolved": "http://npm-registry.qunhequnhe.com/jsonfile/download/jsonfile-4.0.0.tgz",
			"integrity": "sha1-h3Gq4HmbZAdrdmQPygWPnBDjPss=",
			"requires": {
				"graceful-fs": "^4.1.6"
			}
		},
		"locate-path": {
			"version": "3.0.0",
			"resolved": "http://npm-registry.qunhequnhe.com/locate-path/download/locate-path-3.0.0.tgz",
			"integrity": "sha1-2+w7OrdZdYBxtY/ln8QYca8hQA4=",
			"requires": {
				"p-locate": "^3.0.0",
				"path-exists": "^3.0.0"
			}
		},
		"lodash": {
			"version": "4.17.21",
			"resolved": "http://npm-registry.qunhequnhe.com/lodash/download/lodash-4.17.21.tgz",
			"integrity": "sha1-Z5WRxWTDv/quhFTPCz3zcMPWkRw="
		},
		"merge2": {
			"version": "1.4.1",
			"resolved": "http://npm-registry.qunhequnhe.com/merge2/download/merge2-1.4.1.tgz",
			"integrity": "sha1-Q2iJL4hekHRVpv19xVwMnUBJkK4="
		},
		"micromatch": {
			"version": "4.0.4",
			"resolved": "http://npm-registry.qunhequnhe.com/micromatch/download/micromatch-4.0.4.tgz",
			"integrity": "sha1-iW1Rnf6dsl/OlM63pQCRm/iB6/k=",
			"requires": {
				"braces": "^3.0.1",
				"picomatch": "^2.2.3"
			}
		},
		"ms": {
			"version": "2.1.2",
			"resolved": "http://npm-registry.qunhequnhe.com/ms/download/ms-2.1.2.tgz",
			"integrity": "sha1-0J0fNXtEP0kzgqjrPM0YOHKuYAk="
		},
		"object-assign": {
			"version": "4.1.1",
			"resolved": "http://npm-registry.qunhequnhe.com/object-assign/download/object-assign-4.1.1.tgz",
			"integrity": "sha1-IQmtx5ZYh8/AXLvUQsrIv7s2CGM="
		},
		"p-limit": {
			"version": "2.3.0",
			"resolved": "http://npm-registry.qunhequnhe.com/p-limit/download/p-limit-2.3.0.tgz",
			"integrity": "sha1-PdM8ZHohT9//2DWTPrCG2g3CHbE=",
			"requires": {
				"p-try": "^2.0.0"
			}
		},
		"p-locate": {
			"version": "3.0.0",
			"resolved": "http://npm-registry.qunhequnhe.com/p-locate/download/p-locate-3.0.0.tgz",
			"integrity": "sha1-Mi1poFwCZLJZl9n0DNiokasAZKQ=",
			"requires": {
				"p-limit": "^2.0.0"
			}
		},
		"p-try": {
			"version": "2.2.0",
			"resolved": "http://npm-registry.qunhequnhe.com/p-try/download/p-try-2.2.0.tgz",
			"integrity": "sha1-yyhoVA4xPWHeWPr741zpAE1VQOY="
		},
		"path-exists": {
			"version": "3.0.0",
			"resolved": "http://npm-registry.qunhequnhe.com/path-exists/download/path-exists-3.0.0.tgz",
			"integrity": "sha1-zg6+ql94yxiSXqfYENe1mwEP1RU="
		},
		"picomatch": {
			"version": "2.3.0",
			"resolved": "http://npm-registry.qunhequnhe.com/picomatch/download/picomatch-2.3.0.tgz",
			"integrity": "sha1-8fBh3o9qS/AiiS4tEoI0+5gwKXI="
		},
		"queue-microtask": {
			"version": "1.2.3",
			"resolved": "http://npm-registry.qunhequnhe.com/queue-microtask/download/queue-microtask-1.2.3.tgz",
			"integrity": "sha1-SSkii7xyTfrEPg77BYyve2z7YkM="
		},
		"require-directory": {
			"version": "2.1.1",
			"resolved": "http://npm-registry.qunhequnhe.com/require-directory/download/require-directory-2.1.1.tgz",
			"integrity": "sha1-jGStX9MNqxyXbiNE/+f3kqam30I="
		},
		"require-main-filename": {
			"version": "2.0.0",
			"resolved": "http://npm-registry.qunhequnhe.com/require-main-filename/download/require-main-filename-2.0.0.tgz",
			"integrity": "sha1-0LMp7MfMD2Fkn2IhW+aa9UqomJs="
		},
		"reusify": {
			"version": "1.0.4",
			"resolved": "http://npm-registry.qunhequnhe.com/reusify/download/reusify-1.0.4.tgz",
			"integrity": "sha1-kNo4Kx4SbvwCFG6QhFqI2xKSXXY="
		},
		"run-parallel": {
			"version": "1.2.0",
			"resolved": "http://npm-registry.qunhequnhe.com/run-parallel/download/run-parallel-1.2.0.tgz",
			"integrity": "sha1-ZtE2jae9+SHrnZW9GpIp5/IaQ+4=",
			"requires": {
				"queue-microtask": "^1.2.2"
			}
		},
		"set-blocking": {
			"version": "2.0.0",
			"resolved": "http://npm-registry.qunhequnhe.com/set-blocking/download/set-blocking-2.0.0.tgz",
			"integrity": "sha1-BF+XgtARrppoA93TgrJDkrPYkPc="
		},
		"source-map": {
			"version": "0.5.7",
			"resolved": "http://npm-registry.qunhequnhe.com/source-map/download/source-map-0.5.7.tgz",
			"integrity": "sha1-igOdLRAh0i0eoUyA2OpGi6LvP8w="
		},
		"sprintf-js": {
			"version": "1.0.3",
			"resolved": "http://npm-registry.qunhequnhe.com/sprintf-js/download/sprintf-js-1.0.3.tgz",
			"integrity": "sha1-BOaSb2YolTVPPdAVIDYzuFcpfiw="
		},
		"string-width": {
			"version": "3.1.0",
			"resolved": "http://npm-registry.qunhequnhe.com/string-width/download/string-width-3.1.0.tgz",
			"integrity": "sha1-InZ74htirxCBV0MG9prFG2IgOWE=",
			"requires": {
				"emoji-regex": "^7.0.1",
				"is-fullwidth-code-point": "^2.0.0",
				"strip-ansi": "^5.1.0"
			}
		},
		"strip-ansi": {
			"version": "5.2.0",
			"resolved": "http://npm-registry.qunhequnhe.com/strip-ansi/download/strip-ansi-5.2.0.tgz",
			"integrity": "sha1-jJpTb+tq/JYr36WxBKUJHBrZwK4=",
			"requires": {
				"ansi-regex": "^4.1.0"
			}
		},
		"supports-color": {
			"version": "5.5.0",
			"resolved": "http://npm-registry.qunhequnhe.com/supports-color/download/supports-color-5.5.0.tgz",
			"integrity": "sha1-4uaaRKyHcveKHsCzW2id9lMO/I8=",
			"requires": {
				"has-flag": "^3.0.0"
			}
		},
		"to-fast-properties": {
			"version": "2.0.0",
			"resolved": "http://npm-registry.qunhequnhe.com/to-fast-properties/download/to-fast-properties-2.0.0.tgz",
			"integrity": "sha1-3F5pjL0HkmW8c+A3doGk5Og/YW4="
		},
		"to-regex-range": {
			"version": "5.0.1",
			"resolved": "http://npm-registry.qunhequnhe.com/to-regex-range/download/to-regex-range-5.0.1.tgz",
			"integrity": "sha1-FkjESq58jZiKMmAY7XL1tN0DkuQ=",
			"requires": {
				"is-number": "^7.0.0"
			}
		},
		"unist-builder": {
			"version": "1.0.4",
			"resolved": "http://npm-registry.qunhequnhe.com/unist-builder/download/unist-builder-1.0.4.tgz",
			"integrity": "sha1-4YCK7TC9cq3DYH8lr+zr703Vnhc=",
			"requires": {
				"object-assign": "^4.1.0"
			}
		},
		"unist-util-is": {
			"version": "3.0.0",
			"resolved": "http://npm-registry.qunhequnhe.com/unist-util-is/download/unist-util-is-3.0.0.tgz",
			"integrity": "sha1-2ehDgcJGjoJinkpb6dfQWi3TJM0="
		},
		"unist-util-modify-children": {
			"version": "1.1.6",
			"resolved": "http://npm-registry.qunhequnhe.com/unist-util-modify-children/download/unist-util-modify-children-1.1.6.tgz",
			"integrity": "sha1-FYcTDKCrXFYVX6YIN/9STD+/v6o=",
			"requires": {
				"array-iterate": "^1.0.0"
			}
		},
		"unist-util-visit": {
			"version": "1.4.1",
			"resolved": "http://npm-registry.qunhequnhe.com/unist-util-visit/download/unist-util-visit-1.4.1.tgz",
			"integrity": "sha1-RySqqEhububibX/zyGhZYNVgseM=",
			"requires": {
				"unist-util-visit-parents": "^2.0.0"
			}
		},
		"unist-util-visit-parents": {
			"version": "2.1.2",
			"resolved": "http://npm-registry.qunhequnhe.com/unist-util-visit-parents/download/unist-util-visit-parents-2.1.2.tgz",
			"integrity": "sha1-JeQ+VTEhZvM0jK5nQ1iHgdESwek=",
			"requires": {
				"unist-util-is": "^3.0.0"
			}
		},
		"universalify": {
			"version": "0.1.2",
			"resolved": "http://npm-registry.qunhequnhe.com/universalify/download/universalify-0.1.2.tgz",
			"integrity": "sha1-tkb2m+OULavOzJ1mOcgNwQXvqmY="
		},
		"which-module": {
			"version": "2.0.0",
			"resolved": "http://npm-registry.qunhequnhe.com/which-module/download/which-module-2.0.0.tgz",
			"integrity": "sha1-2e8H3Od7mQK4o6j6SzHD4/fm6Ho="
		},
		"wrap-ansi": {
			"version": "5.1.0",
			"resolved": "http://npm-registry.qunhequnhe.com/wrap-ansi/download/wrap-ansi-5.1.0.tgz",
			"integrity": "sha1-H9H2cjXVttD+54EFYAG/tpTAOwk=",
			"requires": {
				"ansi-styles": "^3.2.0",
				"string-width": "^3.0.0",
				"strip-ansi": "^5.0.0"
			}
		},
		"y18n": {
			"version": "4.0.3",
			"resolved": "http://npm-registry.qunhequnhe.com/y18n/download/y18n-4.0.3.tgz",
			"integrity": "sha1-tfJZyCzW4zaSHv17/Yv1YN6e7t8="
		},
		"yargs": {
			"version": "14.2.3",
			"resolved": "http://npm-registry.qunhequnhe.com/yargs/download/yargs-14.2.3.tgz",
			"integrity": "sha1-Ghw+3O0a+yov6jNgS8bR2NaIpBQ=",
			"requires": {
				"cliui": "^5.0.0",
				"decamelize": "^1.2.0",
				"find-up": "^3.0.0",
				"get-caller-file": "^2.0.1",
				"require-directory": "^2.1.1",
				"require-main-filename": "^2.0.0",
				"set-blocking": "^2.0.0",
				"string-width": "^3.0.0",
				"which-module": "^2.0.0",
				"y18n": "^4.0.0",
				"yargs-parser": "^15.0.1"
			}
		},
		"yargs-parser": {
			"version": "15.0.1",
			"resolved": "http://npm-registry.qunhequnhe.com/yargs-parser/download/yargs-parser-15.0.1.tgz",
			"integrity": "sha1-VHhq9AuCDcsvuAJbEbTWWddjI7M=",
			"requires": {
				"camelcase": "^5.0.0",
				"decamelize": "^1.2.0"
			}
		}
	}
}
